
Microsoft Visual Studio Solution File, Format Version 12.00
# Visual Studio Version 17
VisualStudioVersion = 17.14.36414.22 d17.14
MinimumVisualStudioVersion = 10.0.40219.1
Project("{FAE04EC0-301F-11D3-BF4B-00C04F79EFBC}") = "GenClientProto", "GenClientProto.csproj", "{17B7B3A3-1B7C-4698-B2B5-8756F33D3A79}"
EndProject
Global
	GlobalSection(SolutionConfigurationPlatforms) = preSolution
		Debug|Any CPU = Debug|Any CPU
		Release|Any CPU = Release|Any CPU
	EndGlobalSection
	GlobalSection(ProjectConfigurationPlatforms) = postSolution
		{17B7B3A3-1B7C-4698-B2B5-8756F33D3A79}.Debug|Any CPU.ActiveCfg = Debug|Any CPU
		{17B7B3A3-1B7C-4698-B2B5-8756F33D3A79}.Debug|Any CPU.Build.0 = Debug|Any CPU
		{17B7B3A3-1B7C-4698-B2B5-8756F33D3A79}.Release|Any CPU.ActiveCfg = Release|Any CPU
		{17B7B3A3-1B7C-4698-B2B5-8756F33D3A79}.Release|Any CPU.Build.0 = Release|Any CPU
	EndGlobalSection
	GlobalSection(SolutionProperties) = preSolution
		HideSolutionNode = FALSE
	EndGlobalSection
	GlobalSection(ExtensibilityGlobals) = postSolution
		SolutionGuid = {F6206421-57D6-4FFC-A137-90C0BB40BBB9}
	EndGlobalSection
EndGlobal
