
Microsoft Visual Studio Solution File, Format Version 12.00
# Visual Studio 15
Project("{FAE04EC0-301F-11D3-BF4B-00C04F79EFBC}") = "Assembly-CSharp", "Assembly-CSharp.csproj", "{D1D2503C-2214-9C86-46EA-876AC8528B49}"
EndProject
Project("{FAE04EC0-301F-11D3-BF4B-00C04F79EFBC}") = "Assembly-CSharp-Editor", "Assembly-CSharp-Editor.csproj", "{ECFD4314-B36A-A721-9D12-C4038B8CD899}"
EndProject
Global
	GlobalSection(SolutionConfigurationPlatforms) = preSolution
		Debug|Any CPU = Debug|Any CPU
		Release|Any CPU = Release|Any CPU
	EndGlobalSection
	GlobalSection(ProjectConfigurationPlatforms) = postSolution
		{D1D2503C-2214-9C86-46EA-876AC8528B49}.Debug|Any CPU.ActiveCfg = Debug|Any CPU
		{D1D2503C-2214-9C86-46EA-876AC8528B49}.Debug|Any CPU.Build.0 = Debug|Any CPU
		{D1D2503C-2214-9C86-46EA-876AC8528B49}.Release|Any CPU.ActiveCfg = Release|Any CPU
		{D1D2503C-2214-9C86-46EA-876AC8528B49}.Release|Any CPU.Build.0 = Release|Any CPU
		{ECFD4314-B36A-A721-9D12-C4038B8CD899}.Debug|Any CPU.ActiveCfg = Debug|Any CPU
		{ECFD4314-B36A-A721-9D12-C4038B8CD899}.Debug|Any CPU.Build.0 = Debug|Any CPU
		{ECFD4314-B36A-A721-9D12-C4038B8CD899}.Release|Any CPU.ActiveCfg = Release|Any CPU
		{ECFD4314-B36A-A721-9D12-C4038B8CD899}.Release|Any CPU.Build.0 = Release|Any CPU
	EndGlobalSection
	GlobalSection(SolutionProperties) = preSolution
		HideSolutionNode = FALSE
	EndGlobalSection
EndGlobal
